{
  "originHash" : "ee9c899daed946db61309dd7999408baaeb1f2858c4832c7c47b2982c6813c89",
  "pins" : [
    {
      "identity" : "capacitor-swift-pm",
      "kind" : "remoteSourceControl",
      "location" : "https://github.com/ionic-team/capacitor-swift-pm.git",
      "state" : {
        "revision" : "1f324fe7bdbdc8c5cc28bea48a231545a8c2e823",
        "version" : "8.1.0"
      }
    },
    {
      "identity" : "ionic-live-updates-releases",
      "kind" : "remoteSourceControl",
      "location" : "https://github.com/ionic-team/ionic-live-updates-releases.git",
      "state" : {
        "revision" : "abfe9cc9d15acfffb7ca8a1b443eb1e41efef1fd",
        "version" : "0.5.7"
      }
    },
    {
      "identity" : "purchases-hybrid-common",
      "kind" : "remoteSourceControl",
      "location" : "https://github.com/RevenueCat/purchases-hybrid-common.git",
      "state" : {
        "revision" : "6856d04423ade0663403bd3a0640ad016dcfc1c9",
        "version" : "17.41.1"
      }
    },
    {
      "identity" : "purchases-ios",
      "kind" : "remoteSourceControl",
      "location" : "https://github.com/RevenueCat/purchases-ios.git",
      "state" : {
        "revision" : "4d75c384d9169316d6aa5b74b541c02dd0e345ec",
        "version" : "5.60.0"
      }
    },
    {
      "identity" : "purchases-ios-spm",
      "kind" : "remoteSourceControl",
      "location" : "https://github.com/RevenueCat/purchases-ios-spm",
      "state" : {
        "revision" : "828a464d12ff8fe4f633ef1b0116e76fd2a1e462",
        "version" : "5.59.2"
      }
    }
  ],
  "version" : 3
}
